
Microsoft Visual Studio Solution File, Format Version 12.00
# Visual Studio Version 17
VisualStudioVersion = 17.7.34202.233
MinimumVisualStudioVersion = 10.0.40219.1
Project("{FAE04EC0-301F-11D3-BF4B-00C04F79EFBC}") = "SP_WebApp", "SP_WebApp\SP_WebApp.csproj", "{F18DD808-4EEC-4C12-B4F4-D3B0EDC8D9C7}"
EndProject
Global
	GlobalSection(SolutionConfigurationPlatforms) = preSolution
		Debug|Any CPU = Debug|Any CPU
		Release|Any CPU = Release|Any CPU
	EndGlobalSection
	GlobalSection(ProjectConfigurationPlatforms) = postSolution
		{F18DD808-4EEC-4C12-B4F4-D3B0EDC8D9C7}.Debug|Any CPU.ActiveCfg = Debug|Any CPU
		{F18DD808-4EEC-4C12-B4F4-D3B0EDC8D9C7}.Debug|Any CPU.Build.0 = Debug|Any CPU
		{F18DD808-4EEC-4C12-B4F4-D3B0EDC8D9C7}.Release|Any CPU.ActiveCfg = Release|Any CPU
		{F18DD808-4EEC-4C12-B4F4-D3B0EDC8D9C7}.Release|Any CPU.Build.0 = Release|Any CPU
	EndGlobalSection
	GlobalSection(SolutionProperties) = preSolution
		HideSolutionNode = FALSE
	EndGlobalSection
	GlobalSection(ExtensibilityGlobals) = postSolution
		SolutionGuid = {94C966DA-716B-43FD-839A-B24E02D6F5D7}
	EndGlobalSection
EndGlobal
